
Microsoft Visual Studio Solution File, Format Version 12.00
# Visual Studio Version 17
VisualStudioVersion = 17.5.33530.505
MinimumVisualStudioVersion = 10.0.40219.1
Project("{FAE04EC0-301F-11D3-BF4B-00C04F79EFBC}") = "BF1WithoutOriginLauncher", "BF1WithoutOriginLauncher\BF1WithoutOriginLauncher.csproj", "{F9824A70-F812-44A1-83CA-A6F8F099F721}"
EndProject
Global
	GlobalSection(SolutionConfigurationPlatforms) = preSolution
		Debug|x64 = Debug|x64
		Release|x64 = Release|x64
	EndGlobalSection
	GlobalSection(ProjectConfigurationPlatforms) = postSolution
		{F9824A70-F812-44A1-83CA-A6F8F099F721}.Debug|x64.ActiveCfg = Debug|x64
		{F9824A70-F812-44A1-83CA-A6F8F099F721}.Debug|x64.Build.0 = Debug|x64
		{F9824A70-F812-44A1-83CA-A6F8F099F721}.Release|x64.ActiveCfg = Release|x64
		{F9824A70-F812-44A1-83CA-A6F8F099F721}.Release|x64.Build.0 = Release|x64
	EndGlobalSection
	GlobalSection(SolutionProperties) = preSolution
		HideSolutionNode = FALSE
	EndGlobalSection
	GlobalSection(ExtensibilityGlobals) = postSolution
		SolutionGuid = {5BCE39F4-0633-4D82-BDD3-E1E2A5BFABD3}
	EndGlobalSection
EndGlobal
